Microsoft Visual Studio Solution File, Format Version 12.00
# Visual Studio Version 17
VisualStudioVersion = 17.5.2.0
MinimumVisualStudioVersion = 10.0.40219.1
Project("{FAE04EC0-301F-11D3-BF4B-00C04F79EFBC}") = "DataNath.ApiMetadatos", "DataNath.ApiMetadatos\DataNath.ApiMetadatos.csproj", "{49DED59B-4258-AF4A-F78A-BA4614ACC98F}"
EndProject
Global
	GlobalSection(SolutionConfigurationPlatforms) = preSolution
		Debug|Any CPU = Debug|Any CPU
		Release|Any CPU = Release|Any CPU
	EndGlobalSection
	GlobalSection(ProjectConfigurationPlatforms) = postSolution
		{49DED59B-4258-AF4A-F78A-BA4614ACC98F}.Debug|Any CPU.ActiveCfg = Debug|Any CPU
		{49DED59B-4258-AF4A-F78A-BA4614ACC98F}.Debug|Any CPU.Build.0 = Debug|Any CPU
		{49DED59B-4258-AF4A-F78A-BA4614ACC98F}.Release|Any CPU.ActiveCfg = Release|Any CPU
		{49DED59B-4258-AF4A-F78A-BA4614ACC98F}.Release|Any CPU.Build.0 = Release|Any CPU
	EndGlobalSection
	GlobalSection(SolutionProperties) = preSolution
		HideSolutionNode = FALSE
	EndGlobalSection
	GlobalSection(ExtensibilityGlobals) = postSolution
		SolutionGuid = {B6B912C7-FDDA-4199-9A78-4EB77EC2DCA3}
	EndGlobalSection
EndGlobal
